# This file is automatically @generated by Cargo.
# It is not intended for manual editing.
version = 4

[[package]]
name = "demobins"
version = "0.1.0"

[[package]]
name = "demorun"
version = "0.1.0"
dependencies = [
 "demos",
]

[[package]]
name = "demos"
version = "0.1.0"

[[package]]
name = "exam"
version = "0.1.0"
dependencies = [
 "i_learn_grep",
]

[[package]]
name = "i_learn_grep"
version = "0.0.1"

[[package]]
name = "lazy_static"
version = "1.5.0"
source = "registry+https://github.com/rust-lang/crates.io-index"
checksum = "bbd2bcb4c963f2ddae06a2efc7e9f3591312473c50c6685e1f298068316e66fe"

[[package]]
name = "restaurant"
version = "0.1.0"

[[package]]
name = "webserver"
version = "0.1.0"
dependencies = [
 "lazy_static",
]
